// !$*UTF8*$!
{
	archiveVersion = 1;
	classes = {
	};
	objectVersion = 77;
	objects = {

/* Begin PBXBuildFile section */
		6156C5C32E7728430063BDC0 /* InlineSnapshotTesting in Frameworks */ = {isa = PBXBuildFile; productRef = 6156C5C22E7728430063BDC0 /* InlineSnapshotTesting */; };
		6156C5C52E7728430063BDC0 /* SnapshotTesting in Frameworks */ = {isa = PBXBuildFile; productRef = 6156C5C42E7728430063BDC0 /* SnapshotTesting */; };
		6156C5C72E7728430063BDC0 /* SnapshotTestingCustomDump in Frameworks */ = {isa = PBXBuildFile; productRef = 6156C5C62E7728430063BDC0 /* SnapshotTestingCustomDump */; };
/* End PBXBuildFile section */

/* Begin PBXContainerItemProxy section */
		6156C5A42E77270E0063BDC0 /* PBXContainerItemProxy */ = {
			isa = PBXContainerItemProxy;
			containerPortal = 6156C5852E77270B0063BDC0 /* Project object */;
			proxyType = 1;
			remoteGlobalIDString = 6156C58C2E77270B0063BDC0;
			remoteInfo = SnapChotTesing;
		};
		6156C5AE2E77270E0063BDC0 /* PBXContainerItemProxy */ = {
			isa = PBXContainerItemProxy;
			containerPortal = 6156C5852E77270B0063BDC0 /* Project object */;
			proxyType = 1;
			remoteGlobalIDString = 6156C58C2E77270B0063BDC0;
			remoteInfo = SnapChotTesing;
		};
/* End PBXContainerItemProxy section */

/* Begin PBXFileReference section */
		6156C58D2E77270B0063BDC0 /* SnapChotTesing.app */ = {isa = PBXFileReference; explicitFileType = wrapper.application; includeInIndex = 0; path = SnapChotTesing.app; sourceTree = BUILT_PRODUCTS_DIR; };
		6156C5A32E77270E0063BDC0 /* SnapChotTesingTests.xctest */ = {isa = PBXFileReference; explicitFileType = wrapper.cfbundle; includeInIndex = 0; path = SnapChotTesingTests.xctest; sourceTree = BUILT_PRODUCTS_DIR; };
		6156C5AD2E77270E0063BDC0 /* SnapChotTesingUITests.xctest */ = {isa = PBXFileReference; explicitFileType = wrapper.cfbundle; includeInIndex = 0; path = SnapChotTesingUITests.xctest; sourceTree = BUILT_PRODUCTS_DIR; };
/* End PBXFileReference section */

/* Begin PBXFileSystemSynchronizedBuildFileExceptionSet section */
		6156C5B52E77270E0063BDC0 /* Exceptions for "SnapChotTesing" folder in "SnapChotTesing" target */ = {
			isa = PBXFileSystemSynchronizedBuildFileExceptionSet;
			membershipExceptions = (
				Info.plist,
			);
			target = 6156C58C2E77270B0063BDC0 /* SnapChotTesing */;
		};
/* End PBXFileSystemSynchronizedBuildFileExceptionSet section */

/* Begin PBXFileSystemSynchronizedRootGroup section */
		6156C58F2E77270B0063BDC0 /* SnapChotTesing */ = {
			isa = PBXFileSystemSynchronizedRootGroup;
			exceptions = (
				6156C5B52E77270E0063BDC0 /* Exceptions for "SnapChotTesing" folder in "SnapChotTesing" target */,
			);
			path = SnapChotTesing;
			sourceTree = "<group>";
		};
		6156C5A62E77270E0063BDC0 /* SnapChotTesingTests */ = {
			isa = PBXFileSystemSynchronizedRootGroup;
			path = SnapChotTesingTests;
			sourceTree = "<group>";
		};
		6156C5B02E77270E0063BDC0 /* SnapChotTesingUITests */ = {
			isa = PBXFileSystemSynchronizedRootGroup;
			path = SnapChotTesingUITests;
			sourceTree = "<group>";
		};
/* End PBXFileSystemSynchronizedRootGroup section */

/* Begin PBXFrameworksBuildPhase section */
		6156C58A2E77270B0063BDC0 /* Frameworks */ = {
			isa = PBXFrameworksBuildPhase;
			buildActionMask = 2147483647;
			files = (
			);
			runOnlyForDeploymentPostprocessing = 0;
		};
		6156C5A02E77270E0063BDC0 /* Frameworks */ = {
			isa = PBXFrameworksBuildPhase;
			buildActionMask = 2147483647;
			files = (
				6156C5C72E7728430063BDC0 /* SnapshotTestingCustomDump in Frameworks */,
				6156C5C32E7728430063BDC0 /* InlineSnapshotTesting in Frameworks */,
				6156C5C52E7728430063BDC0 /* SnapshotTesting in Frameworks */,
			);
			runOnlyForDeploymentPostprocessing = 0;
		};
		6156C5AA2E77270E0063BDC0 /* Frameworks */ = {
			isa = PBXFrameworksBuildPhase;
			buildActionMask = 2147483647;
			files = (
			);
			runOnlyForDeploymentPostprocessing = 0;
		};
/* End PBXFrameworksBuildPhase section */

/* Begin PBXGroup section */
		6156C5842E77270B0063BDC0 = {
			isa = PBXGroup;
			children = (
				6156C58F2E77270B0063BDC0 /* SnapChotTesing */,
				6156C5A62E77270E0063BDC0 /* SnapChotTesingTests */,
				6156C5B02E77270E0063BDC0 /* SnapChotTesingUITests */,
				6156C58E2E77270B0063BDC0 /* Products */,
			);
			sourceTree = "<group>";
		};
		6156C58E2E77270B0063BDC0 /* Products */ = {
			isa = PBXGroup;
			children = (
				6156C58D2E77270B0063BDC0 /* SnapChotTesing.app */,
				6156C5A32E77270E0063BDC0 /* SnapChotTesingTests.xctest */,
				6156C5AD2E77270E0063BDC0 /* SnapChotTesingUITests.xctest */,
			);
			name = Products;
			sourceTree = "<group>";
		};
/* End PBXGroup section */

/* Begin PBXNativeTarget section */
		6156C58C2E77270B0063BDC0 /* SnapChotTesing */ = {
			isa = PBXNativeTarget;
			buildConfigurationList = 6156C5B62E77270E0063BDC0 /* Build configuration list for PBXNativeTarget "SnapChotTesing" */;
			buildPhases = (
				6156C5892E77270B0063BDC0 /* Sources */,
				6156C58A2E77270B0063BDC0 /* Frameworks */,
				6156C58B2E77270B0063BDC0 /* Resources */,
			);
			buildRules = (
			);
			dependencies = (
			);
			fileSystemSynchronizedGroups = (
				6156C58F2E77270B0063BDC0 /* SnapChotTesing */,
			);
			name = SnapChotTesing;
			packageProductDependencies = (
			);
			productName = SnapChotTesing;
			productReference = 6156C58D2E77270B0063BDC0 /* SnapChotTesing.app */;
			productType = "com.apple.product-type.application";
		};
		6156C5A22E77270E0063BDC0 /* SnapChotTesingTests */ = {
			isa = PBXNativeTarget;
			buildConfigurationList = 6156C5BB2E77270E0063BDC0 /* Build configuration list for PBXNativeTarget "SnapChotTesingTests" */;
			buildPhases = (
				6156C59F2E77270E0063BDC0 /* Sources */,
				6156C5A02E77270E0063BDC0 /* Frameworks */,
				6156C5A12E77270E0063BDC0 /* Resources */,
			);
			buildRules = (
			);
			dependencies = (
				6156C5A52E77270E0063BDC0 /* PBXTargetDependency */,
			);
			fileSystemSynchronizedGroups = (
				6156C5A62E77270E0063BDC0 /* SnapChotTesingTests */,
			);
			name = SnapChotTesingTests;
			packageProductDependencies = (
				6156C5C22E7728430063BDC0 /* InlineSnapshotTesting */,
				6156C5C42E7728430063BDC0 /* SnapshotTesting */,
				6156C5C62E7728430063BDC0 /* SnapshotTestingCustomDump */,
			);
			productName = SnapChotTesingTests;
			productReference = 6156C5A32E77270E0063BDC0 /* SnapChotTesingTests.xctest */;
			productType = "com.apple.product-type.bundle.unit-test";
		};
		6156C5AC2E77270E0063BDC0 /* SnapChotTesingUITests */ = {
			isa = PBXNativeTarget;
			buildConfigurationList = 6156C5BE2E77270E0063BDC0 /* Build configuration list for PBXNativeTarget "SnapChotTesingUITests" */;
			buildPhases = (
				6156C5A92E77270E0063BDC0 /* Sources */,
				6156C5AA2E77270E0063BDC0 /* Frameworks */,
				6156C5AB2E77270E0063BDC0 /* Resources */,
			);
			buildRules = (
			);
			dependencies = (
				6156C5AF2E77270E0063BDC0 /* PBXTargetDependency */,
			);
			fileSystemSynchronizedGroups = (
				6156C5B02E77270E0063BDC0 /* SnapChotTesingUITests */,
			);
			name = SnapChotTesingUITests;
			packageProductDependencies = (
			);
			productName = SnapChotTesingUITests;
			productReference = 6156C5AD2E77270E0063BDC0 /* SnapChotTesingUITests.xctest */;
			productType = "com.apple.product-type.bundle.ui-testing";
		};
/* End PBXNativeTarget section */

/* Begin PBXProject section */
		6156C5852E77270B0063BDC0 /* Project object */ = {
			isa = PBXProject;
			attributes = {
				BuildIndependentTargetsInParallel = 1;
				LastSwiftUpdateCheck = 1640;
				LastUpgradeCheck = 1640;
				TargetAttributes = {
					6156C58C2E77270B0063BDC0 = {
						CreatedOnToolsVersion = 16.4;
					};
					6156C5A22E77270E0063BDC0 = {
						CreatedOnToolsVersion = 16.4;
						TestTargetID = 6156C58C2E77270B0063BDC0;
					};
					6156C5AC2E77270E0063BDC0 = {
						CreatedOnToolsVersion = 16.4;
						TestTargetID = 6156C58C2E77270B0063BDC0;
					};
				};
			};
			buildConfigurationList = 6156C5882E77270B0063BDC0 /* Build configuration list for PBXProject "SnapChotTesing" */;
			developmentRegion = en;
			hasScannedForEncodings = 0;
			knownRegions = (
				en,
				Base,
			);
			mainGroup = 6156C5842E77270B0063BDC0;
			minimizedProjectReferenceProxies = 1;
			packageReferences = (
				6156C5C12E7728430063BDC0 /* XCRemoteSwiftPackageReference "swift-snapshot-testing" */,
			);
			preferredProjectObjectVersion = 77;
			productRefGroup = 6156C58E2E77270B0063BDC0 /* Products */;
			projectDirPath = "";
			projectRoot = "";
			targets = (
				6156C58C2E77270B0063BDC0 /* SnapChotTesing */,
				6156C5A22E77270E0063BDC0 /* SnapChotTesingTests */,
				6156C5AC2E77270E0063BDC0 /* SnapChotTesingUITests */,
			);
		};
/* End PBXProject section */

/* Begin PBXResourcesBuildPhase section */
		6156C58B2E77270B0063BDC0 /* Resources */ = {
			isa = PBXResourcesBuildPhase;
			buildActionMask = 2147483647;
			files = (
			);
			runOnlyForDeploymentPostprocessing = 0;
		};
		6156C5A12E77270E0063BDC0 /* Resources */ = {
			isa = PBXResourcesBuildPhase;
			buildActionMask = 2147483647;
			files = (
			);
			runOnlyForDeploymentPostprocessing = 0;
		};
		6156C5AB2E77270E0063BDC0 /* Resources */ = {
			isa = PBXResourcesBuildPhase;
			buildActionMask = 2147483647;
			files = (
			);
			runOnlyForDeploymentPostprocessing = 0;
		};
/* End PBXResourcesBuildPhase section */

/* Begin PBXSourcesBuildPhase section */
		6156C5892E77270B0063BDC0 /* Sources */ = {
			isa = PBXSourcesBuildPhase;
			buildActionMask = 2147483647;
			files = (
			);
			runOnlyForDeploymentPostprocessing = 0;
		};
		6156C59F2E77270E0063BDC0 /* Sources */ = {
			isa = PBXSourcesBuildPhase;
			buildActionMask = 2147483647;
			files = (
			);
			runOnlyForDeploymentPostprocessing = 0;
		};
		6156C5A92E77270E0063BDC0 /* Sources */ = {
			isa = PBXSourcesBuildPhase;
			buildActionMask = 2147483647;
			files = (
			);
			runOnlyForDeploymentPostprocessing = 0;
		};
/* End PBXSourcesBuildPhase section */

/* Begin PBXTargetDependency section */
		6156C5A52E77270E0063BDC0 /* PBXTargetDependency */ = {
			isa = PBXTargetDependency;
			target = 6156C58C2E77270B0063BDC0 /* SnapChotTesing */;
			targetProxy = 6156C5A42E77270E0063BDC0 /* PBXContainerItemProxy */;
		};
		6156C5AF2E77270E0063BDC0 /* PBXTargetDependency */ = {
			isa = PBXTargetDependency;
			target = 6156C58C2E77270B0063BDC0 /* SnapChotTesing */;
			targetProxy = 6156C5AE2E77270E0063BDC0 /* PBXContainerItemProxy */;
		};
/* End PBXTargetDependency section */

/* Begin XCBuildConfiguration section */
		6156C5B72E77270E0063BDC0 /* Debug */ = {
			isa = XCBuildConfiguration;
			buildSettings = {
				ASSETCATALOG_COMPILER_APPICON_NAME = AppIcon;
				ASSETCATALOG_COMPILER_GLOBAL_ACCENT_COLOR_NAME = AccentColor;
				CODE_SIGN_STYLE = Automatic;
				CURRENT_PROJECT_VERSION = 1;
				GENERATE_INFOPLIST_FILE = YES;
				INFOPLIST_FILE = SnapChotTesing/Info.plist;
				INFOPLIST_KEY_UIApplicationSupportsIndirectInputEvents = YES;
				INFOPLIST_KEY_UILaunchStoryboardName = LaunchScreen;
				INFOPLIST_KEY_UIMainStoryboardFile = Main;
				INFOPLIST_KEY_UISupportedInterfaceOrientations_iPad = "UIInterfaceOrientationPortrait UIInterfaceOrientationPortraitUpsideDown UIInterfaceOrientationLandscapeLeft UIInterfaceOrientationLandscapeRight";
				INFOPLIST_KEY_UISupportedInterfaceOrientations_iPhone = "UIInterfaceOrientationPortrait UIInterfaceOrientationLandscapeLeft UIInterfaceOrientationLandscapeRight";
				LD_RUNPATH_SEARCH_PATHS = (
					"$(inherited)",
					"@executable_path/Frameworks",
				);
				MARKETING_VERSION = 1.0;
				PRODUCT_BUNDLE_IDENTIFIER = com.nadaf.helloWorld.SnapChotTesing;
				PRODUCT_NAME = "$(TARGET_NAME)";
				SWIFT_EMIT_LOC_STRINGS = YES;
				SWIFT_VERSION = 5.0;
				TARGETED_DEVICE_FAMILY = "1,2";
			};
			name = Debug;
		};
		6156C5B82E77270E0063BDC0 /* Release */ = {
			isa = XCBuildConfiguration;
			buildSettings = {
				ASSETCATALOG_COMPILER_APPICON_NAME = AppIcon;
				ASSETCATALOG_COMPILER_GLOBAL_ACCENT_COLOR_NAME = AccentColor;
				CODE_SIGN_STYLE = Automatic;
				CURRENT_PROJECT_VERSION = 1;
				GENERATE_INFOPLIST_FILE = YES;
				INFOPLIST_FILE = SnapChotTesing/Info.plist;
				INFOPLIST_KEY_UIApplicationSupportsIndirectInputEvents = YES;
				INFOPLIST_KEY_UILaunchStoryboardName = LaunchScreen;
				INFOPLIST_KEY_UIMainStoryboardFile = Main;
				INFOPLIST_KEY_UISupportedInterfaceOrientations_iPad = "UIInterfaceOrientationPortrait UIInterfaceOrientationPortraitUpsideDown UIInterfaceOrientationLandscapeLeft UIInterfaceOrientationLandscapeRight";
				INFOPLIST_KEY_UISupportedInterfaceOrientations_iPhone = "UIInterfaceOrientationPortrait UIInterfaceOrientationLandscapeLeft UIInterfaceOrientationLandscapeRight";
				LD_RUNPATH_SEARCH_PATHS = (
					"$(inherited)",
					"@executable_path/Frameworks",
				);
				MARKETING_VERSION = 1.0;
				PRODUCT_BUNDLE_IDENTIFIER = com.nadaf.helloWorld.SnapChotTesing;
				PRODUCT_NAME = "$(TARGET_NAME)";
				SWIFT_EMIT_LOC_STRINGS = YES;
				SWIFT_VERSION = 5.0;
				TARGETED_DEVICE_FAMILY = "1,2";
			};
			name = Release;
		};
		6156C5B92E77270E0063BDC0 /* Debug */ = {
			isa = XCBuildConfiguration;
			buildSettings = {
				ALWAYS_SEARCH_USER_PATHS = NO;
				ASSETCATALOG_COMPILER_GENERATE_SWIFT_ASSET_SYMBOL_EXTENSIONS = YES;
				CLANG_ANALYZER_NONNULL = YES;
				CLANG_ANALYZER_NUMBER_OBJECT_CONVERSION = YES_AGGRESSIVE;
				CLANG_CXX_LANGUAGE_STANDARD = "gnu++20";
				CLANG_ENABLE_MODULES = YES;
				CLANG_ENABLE_OBJC_ARC = YES;
				CLANG_ENABLE_OBJC_WEAK = YES;
				CLANG_WARN_BLOCK_CAPTURE_AUTORELEASING = YES;
				CLANG_WARN_BOOL_CONVERSION = YES;
				CLANG_WARN_COMMA = YES;
				CLANG_WARN_CONSTANT_CONVERSION = YES;
				CLANG_WARN_DEPRECATED_OBJC_IMPLEMENTATIONS = YES;
				CLANG_WARN_DIRECT_OBJC_ISA_USAGE = YES_ERROR;
				CLANG_WARN_DOCUMENTATION_COMMENTS = YES;
				CLANG_WARN_EMPTY_BODY = YES;
				CLANG_WARN_ENUM_CONVERSION = YES;
				CLANG_WARN_INFINITE_RECURSION = YES;
				CLANG_WARN_INT_CONVERSION = YES;
				CLANG_WARN_NON_LITERAL_NULL_CONVERSION = YES;
				CLANG_WARN_OBJC_IMPLICIT_RETAIN_SELF = YES;
				CLANG_WARN_OBJC_LITERAL_CONVERSION = YES;
				CLANG_WARN_OBJC_ROOT_CLASS = YES_ERROR;
				CLANG_WARN_QUOTED_INCLUDE_IN_FRAMEWORK_HEADER = YES;
				CLANG_WARN_RANGE_LOOP_ANALYSIS = YES;
				CLANG_WARN_STRICT_PROTOTYPES = YES;
				CLANG_WARN_SUSPICIOUS_MOVE = YES;
				CLANG_WARN_UNGUARDED_AVAILABILITY = YES_AGGRESSIVE;
				CLANG_WARN_UNREACHABLE_CODE = YES;
				CLANG_WARN__DUPLICATE_METHOD_MATCH = YES;
				COPY_PHASE_STRIP = NO;
				DEBUG_INFORMATION_FORMAT = dwarf;
				ENABLE_STRICT_OBJC_MSGSEND = YES;
				ENABLE_TESTABILITY = YES;
				ENABLE_USER_SCRIPT_SANDBOXING = YES;
				GCC_C_LANGUAGE_STANDARD = gnu17;
				GCC_DYNAMIC_NO_PIC = NO;
				GCC_NO_COMMON_BLOCKS = YES;
				GCC_OPTIMIZATION_LEVEL = 0;
				GCC_PREPROCESSOR_DEFINITIONS = (
					"DEBUG=1",
					"$(inherited)",
				);
				GCC_WARN_64_TO_32_BIT_CONVERSION = YES;
				GCC_WARN_ABOUT_RETURN_TYPE = YES_ERROR;
				GCC_WARN_UNDECLARED_SELECTOR = YES;
				GCC_WARN_UNINITIALIZED_AUTOS = YES_AGGRESSIVE;
				GCC_WARN_UNUSED_FUNCTION = YES;
				GCC_WARN_UNUSED_VARIABLE = YES;
				IPHONEOS_DEPLOYMENT_TARGET = 18.5;
				LOCALIZATION_PREFERS_STRING_CATALOGS = YES;
				MTL_ENABLE_DEBUG_INFO = INCLUDE_SOURCE;
				MTL_FAST_MATH = YES;
				ONLY_ACTIVE_ARCH = YES;
				SDKROOT = iphoneos;
				SWIFT_ACTIVE_COMPILATION_CONDITIONS = "DEBUG $(inherited)";
				SWIFT_OPTIMIZATION_LEVEL = "-Onone";
			};
			name = Debug;
		};
		6156C5BA2E77270E0063BDC0 /* Release */ = {
			isa = XCBuildConfiguration;
			buildSettings = {
				ALWAYS_SEARCH_USER_PATHS = NO;
				ASSETCATALOG_COMPILER_GENERATE_SWIFT_ASSET_SYMBOL_EXTENSIONS = YES;
				CLANG_ANALYZER_NONNULL = YES;
				CLANG_ANALYZER_NUMBER_OBJECT_CONVERSION = YES_AGGRESSIVE;
				CLANG_CXX_LANGUAGE_STANDARD = "gnu++20";
				CLANG_ENABLE_MODULES = YES;
				CLANG_ENABLE_OBJC_ARC = YES;
				CLANG_ENABLE_OBJC_WEAK = YES;
				CLANG_WARN_BLOCK_CAPTURE_AUTORELEASING = YES;
				CLANG_WARN_BOOL_CONVERSION = YES;
				CLANG_WARN_COMMA = YES;
				CLANG_WARN_CONSTANT_CONVERSION = YES;
				CLANG_WARN_DEPRECATED_OBJC_IMPLEMENTATIONS = YES;
				CLANG_WARN_DIRECT_OBJC_ISA_USAGE = YES_ERROR;
				CLANG_WARN_DOCUMENTATION_COMMENTS = YES;
				CLANG_WARN_EMPTY_BODY = YES;
				CLANG_WARN_ENUM_CONVERSION = YES;
				CLANG_WARN_INFINITE_RECURSION = YES;
				CLANG_WARN_INT_CONVERSION = YES;
				CLANG_WARN_NON_LITERAL_NULL_CONVERSION = YES;
				CLANG_WARN_OBJC_IMPLICIT_RETAIN_SELF = YES;
				CLANG_WARN_OBJC_LITERAL_CONVERSION = YES;
				CLANG_WARN_OBJC_ROOT_CLASS = YES_ERROR;
				CLANG_WARN_QUOTED_INCLUDE_IN_FRAMEWORK_HEADER = YES;
				CLANG_WARN_RANGE_LOOP_ANALYSIS = YES;
				CLANG_WARN_STRICT_PROTOTYPES = YES;
				CLANG_WARN_SUSPICIOUS_MOVE = YES;
				CLANG_WARN_UNGUARDED_AVAILABILITY = YES_AGGRESSIVE;
				CLANG_WARN_UNREACHABLE_CODE = YES;
				CLANG_WARN__DUPLICATE_METHOD_MATCH = YES;
				COPY_PHASE_STRIP = NO;
				DEBUG_INFORMATION_FORMAT = "dwarf-with-dsym";
				ENABLE_NS_ASSERTIONS = NO;
				ENABLE_STRICT_OBJC_MSGSEND = YES;
				ENABLE_USER_SCRIPT_SANDBOXING = YES;
				GCC_C_LANGUAGE_STANDARD = gnu17;
				GCC_NO_COMMON_BLOCKS = YES;
				GCC_WARN_64_TO_32_BIT_CONVERSION = YES;
				GCC_WARN_ABOUT_RETURN_TYPE = YES_ERROR;
				GCC_WARN_UNDECLARED_SELECTOR = YES;
				GCC_WARN_UNINITIALIZED_AUTOS = YES_AGGRESSIVE;
				GCC_WARN_UNUSED_FUNCTION = YES;
				GCC_WARN_UNUSED_VARIABLE = YES;
				IPHONEOS_DEPLOYMENT_TARGET = 18.5;
				LOCALIZATION_PREFERS_STRING_CATALOGS = YES;
				MTL_ENABLE_DEBUG_INFO = NO;
				MTL_FAST_MATH = YES;
				SDKROOT = iphoneos;
				SWIFT_COMPILATION_MODE = wholemodule;
				VALIDATE_PRODUCT = YES;
			};
			name = Release;
		};
		6156C5BC2E77270E0063BDC0 /* Debug */ = {
			isa = XCBuildConfiguration;
			buildSettings = {
				BUNDLE_LOADER = "$(TEST_HOST)";
				CODE_SIGN_STYLE = Manual;
				CURRENT_PROJECT_VERSION = 1;
				DEVELOPMENT_TEAM = "";
				GENERATE_INFOPLIST_FILE = YES;
				IPHONEOS_DEPLOYMENT_TARGET = 18.5;
				MARKETING_VERSION = 1.0;
				PRODUCT_BUNDLE_IDENTIFIER = com.nadaf.helloWorld.SnapChotTesingTests;
				PRODUCT_NAME = "$(TARGET_NAME)";
				PROVISIONING_PROFILE_SPECIFIER = "";
				SWIFT_EMIT_LOC_STRINGS = NO;
				SWIFT_VERSION = 5.0;
				TARGETED_DEVICE_FAMILY = "1,2";
				TEST_HOST = "$(BUILT_PRODUCTS_DIR)/SnapChotTesing.app/$(BUNDLE_EXECUTABLE_FOLDER_PATH)/SnapChotTesing";
			};
			name = Debug;
		};
		6156C5BD2E77270E0063BDC0 /* Release */ = {
			isa = XCBuildConfiguration;
			buildSettings = {
				BUNDLE_LOADER = "$(TEST_HOST)";
				CODE_SIGN_STYLE = Manual;
				CURRENT_PROJECT_VERSION = 1;
				DEVELOPMENT_TEAM = "";
				GENERATE_INFOPLIST_FILE = YES;
				IPHONEOS_DEPLOYMENT_TARGET = 18.5;
				MARKETING_VERSION = 1.0;
				PRODUCT_BUNDLE_IDENTIFIER = com.nadaf.helloWorld.SnapChotTesingTests;
				PRODUCT_NAME = "$(TARGET_NAME)";
				PROVISIONING_PROFILE_SPECIFIER = "";
				SWIFT_EMIT_LOC_STRINGS = NO;
				SWIFT_VERSION = 5.0;
				TARGETED_DEVICE_FAMILY = "1,2";
				TEST_HOST = "$(BUILT_PRODUCTS_DIR)/SnapChotTesing.app/$(BUNDLE_EXECUTABLE_FOLDER_PATH)/SnapChotTesing";
			};
			name = Release;
		};
		6156C5BF2E77270E0063BDC0 /* Debug */ = {
			isa = XCBuildConfiguration;
			buildSettings = {
				CODE_SIGN_STYLE = Automatic;
				CURRENT_PROJECT_VERSION = 1;
				GENERATE_INFOPLIST_FILE = YES;
				MARKETING_VERSION = 1.0;
				PRODUCT_BUNDLE_IDENTIFIER = com.nadaf.helloWorld.SnapChotTesingUITests;
				PRODUCT_NAME = "$(TARGET_NAME)";
				SWIFT_EMIT_LOC_STRINGS = NO;
				SWIFT_VERSION = 5.0;
				TARGETED_DEVICE_FAMILY = "1,2";
				TEST_TARGET_NAME = SnapChotTesing;
			};
			name = Debug;
		};
		6156C5C02E77270E0063BDC0 /* Release */ = {
			isa = XCBuildConfiguration;
			buildSettings = {
				CODE_SIGN_STYLE = Automatic;
				CURRENT_PROJECT_VERSION = 1;
				GENERATE_INFOPLIST_FILE = YES;
				MARKETING_VERSION = 1.0;
				PRODUCT_BUNDLE_IDENTIFIER = com.nadaf.helloWorld.SnapChotTesingUITests;
				PRODUCT_NAME = "$(TARGET_NAME)";
				SWIFT_EMIT_LOC_STRINGS = NO;
				SWIFT_VERSION = 5.0;
				TARGETED_DEVICE_FAMILY = "1,2";
				TEST_TARGET_NAME = SnapChotTesing;
			};
			name = Release;
		};
/* End XCBuildConfiguration section */

/* Begin XCConfigurationList section */
		6156C5882E77270B0063BDC0 /* Build configuration list for PBXProject "SnapChotTesing" */ = {
			isa = XCConfigurationList;
			buildConfigurations = (
				6156C5B92E77270E0063BDC0 /* Debug */,
				6156C5BA2E77270E0063BDC0 /* Release */,
			);
			defaultConfigurationIsVisible = 0;
			defaultConfigurationName = Release;
		};
		6156C5B62E77270E0063BDC0 /* Build configuration list for PBXNativeTarget "SnapChotTesing" */ = {
			isa = XCConfigurationList;
			buildConfigurations = (
				6156C5B72E77270E0063BDC0 /* Debug */,
				6156C5B82E77270E0063BDC0 /* Release */,
			);
			defaultConfigurationIsVisible = 0;
			defaultConfigurationName = Release;
		};
		6156C5BB2E77270E0063BDC0 /* Build configuration list for PBXNativeTarget "SnapChotTesingTests" */ = {
			isa = XCConfigurationList;
			buildConfigurations = (
				6156C5BC2E77270E0063BDC0 /* Debug */,
				6156C5BD2E77270E0063BDC0 /* Release */,
			);
			defaultConfigurationIsVisible = 0;
			defaultConfigurationName = Release;
		};
		6156C5BE2E77270E0063BDC0 /* Build configuration list for PBXNativeTarget "SnapChotTesingUITests" */ = {
			isa = XCConfigurationList;
			buildConfigurations = (
				6156C5BF2E77270E0063BDC0 /* Debug */,
				6156C5C02E77270E0063BDC0 /* Release */,
			);
			defaultConfigurationIsVisible = 0;
			defaultConfigurationName = Release;
		};
/* End XCConfigurationList section */

/* Begin XCRemoteSwiftPackageReference section */
		6156C5C12E7728430063BDC0 /* XCRemoteSwiftPackageReference "swift-snapshot-testing" */ = {
			isa = XCRemoteSwiftPackageReference;
			repositoryURL = "https://github.com/pointfreeco/swift-snapshot-testing";
			requirement = {
				kind = upToNextMajorVersion;
				minimumVersion = 1.18.6;
			};
		};
/* End XCRemoteSwiftPackageReference section */

/* Begin XCSwiftPackageProductDependency section */
		6156C5C22E7728430063BDC0 /* InlineSnapshotTesting */ = {
			isa = XCSwiftPackageProductDependency;
			package = 6156C5C12E7728430063BDC0 /* XCRemoteSwiftPackageReference "swift-snapshot-testing" */;
			productName = InlineSnapshotTesting;
		};
		6156C5C42E7728430063BDC0 /* SnapshotTesting */ = {
			isa = XCSwiftPackageProductDependency;
			package = 6156C5C12E7728430063BDC0 /* XCRemoteSwiftPackageReference "swift-snapshot-testing" */;
			productName = SnapshotTesting;
		};
		6156C5C62E7728430063BDC0 /* SnapshotTestingCustomDump */ = {
			isa = XCSwiftPackageProductDependency;
			package = 6156C5C12E7728430063BDC0 /* XCRemoteSwiftPackageReference "swift-snapshot-testing" */;
			productName = SnapshotTestingCustomDump;
		};
/* End XCSwiftPackageProductDependency section */
	};
	rootObject = 6156C5852E77270B0063BDC0 /* Project object */;
}
